
Microsoft Visual Studio Solution File, Format Version 12.00
# Visual Studio 15
VisualStudioVersion = 15.0.28307.329
MinimumVisualStudioVersion = 10.0.40219.1
Project("{FAE04EC0-301F-11D3-BF4B-00C04F79EFBC}") = "KrokusTaak", "KrokusTaak\KrokusTaak.csproj", "{958DEE6C-6D84-4258-85F2-07331D3F9F9C}"
EndProject
Project("{FAE04EC0-301F-11D3-BF4B-00C04F79EFBC}") = "KrokusLibrary", "KrokusLibrary\KrokusLibrary.csproj", "{CD55A621-9EC7-4C65-95C2-DDCE168E3C89}"
EndProject
Global
	GlobalSection(SolutionConfigurationPlatforms) = preSolution
		Debug|Any CPU = Debug|Any CPU
		Release|Any CPU = Release|Any CPU
	EndGlobalSection
	GlobalSection(ProjectConfigurationPlatforms) = postSolution
		{958DEE6C-6D84-4258-85F2-07331D3F9F9C}.Debug|Any CPU.ActiveCfg = Debug|Any CPU
		{958DEE6C-6D84-4258-85F2-07331D3F9F9C}.Debug|Any CPU.Build.0 = Debug|Any CPU
		{958DEE6C-6D84-4258-85F2-07331D3F9F9C}.Release|Any CPU.ActiveCfg = Release|Any CPU
		{958DEE6C-6D84-4258-85F2-07331D3F9F9C}.Release|Any CPU.Build.0 = Release|Any CPU
		{CD55A621-9EC7-4C65-95C2-DDCE168E3C89}.Debug|Any CPU.ActiveCfg = Debug|Any CPU
		{CD55A621-9EC7-4C65-95C2-DDCE168E3C89}.Debug|Any CPU.Build.0 = Debug|Any CPU
		{CD55A621-9EC7-4C65-95C2-DDCE168E3C89}.Release|Any CPU.ActiveCfg = Release|Any CPU
		{CD55A621-9EC7-4C65-95C2-DDCE168E3C89}.Release|Any CPU.Build.0 = Release|Any CPU
	EndGlobalSection
	GlobalSection(SolutionProperties) = preSolution
		HideSolutionNode = FALSE
	EndGlobalSection
	GlobalSection(ExtensibilityGlobals) = postSolution
		SolutionGuid = {D7D8C7F7-7764-4235-ADC6-A42BD9437351}
	EndGlobalSection
EndGlobal
